
Microsoft Visual Studio Solution File, Format Version 12.00
# Visual Studio Version 17
VisualStudioVersion = 17.4.33122.133
MinimumVisualStudioVersion = 10.0.40219.1
Project("{8BC9CEB8-8B4A-11D0-8D11-00A0C91BC942}") = "Helper Library - Boyett, Sandy", "Helper Library - Boyett, Sandy\Helper Library - Boyett, Sandy.vcxproj", "{E53E54C1-2D2F-4345-848A-084AEC0181B6}"
EndProject
Global
	GlobalSection(SolutionConfigurationPlatforms) = preSolution
		Debug|x64 = Debug|x64
		Debug|x86 = Debug|x86
		Release|x64 = Release|x64
		Release|x86 = Release|x86
	EndGlobalSection
	GlobalSection(ProjectConfigurationPlatforms) = postSolution
		{E53E54C1-2D2F-4345-848A-084AEC0181B6}.Debug|x64.ActiveCfg = Debug|x64
		{E53E54C1-2D2F-4345-848A-084AEC0181B6}.Debug|x64.Build.0 = Debug|x64
		{E53E54C1-2D2F-4345-848A-084AEC0181B6}.Debug|x86.ActiveCfg = Debug|Win32
		{E53E54C1-2D2F-4345-848A-084AEC0181B6}.Debug|x86.Build.0 = Debug|Win32
		{E53E54C1-2D2F-4345-848A-084AEC0181B6}.Release|x64.ActiveCfg = Release|x64
		{E53E54C1-2D2F-4345-848A-084AEC0181B6}.Release|x64.Build.0 = Release|x64
		{E53E54C1-2D2F-4345-848A-084AEC0181B6}.Release|x86.ActiveCfg = Release|Win32
		{E53E54C1-2D2F-4345-848A-084AEC0181B6}.Release|x86.Build.0 = Release|Win32
	EndGlobalSection
	GlobalSection(SolutionProperties) = preSolution
		HideSolutionNode = FALSE
	EndGlobalSection
	GlobalSection(ExtensibilityGlobals) = postSolution
		SolutionGuid = {9A9D5307-8FBE-46C2-83E5-BB5557A32BB2}
	EndGlobalSection
EndGlobal
